
Microsoft Visual Studio Solution File, Format Version 12.00
# Visual Studio Version 17
VisualStudioVersion = 17.4.32916.344
MinimumVisualStudioVersion = 10.0.40219.1
Project("{9A19103F-16F7-4668-BE54-9A1E7A4F7556}") = "DXSharp", "src\DXSharp\DXSharp.csproj", "{82FD3E3F-ECB1-4EA2-B538-E1561AE737EF}"
EndProject
Project("{2150E333-8FDC-42A3-9474-1A3956D46DE8}") = "Build Files", "Build Files", "{8083732C-24ED-46AA-AD90-0ECB3B3B0040}"
	ProjectSection(SolutionItems) = preProject
		Directory.Build.props = Directory.Build.props
	EndProjectSection
EndProject
Project("{2150E333-8FDC-42A3-9474-1A3956D46DE8}") = "Libraries", "Libraries", "{29411031-4490-4542-B2D1-02D223BFD605}"
EndProject
Project("{2150E333-8FDC-42A3-9474-1A3956D46DE8}") = "Samples", "Samples", "{AEE84FD5-7441-42CF-AA6C-5805B759E1F8}"
EndProject
Project("{2150E333-8FDC-42A3-9474-1A3956D46DE8}") = "Tests", "Tests", "{4A52D278-0251-4FD5-BF3A-5C52C294480A}"
EndProject
Project("{9A19103F-16F7-4668-BE54-9A1E7A4F7556}") = "BasicTests", "tests\BasicTests\BasicTests.csproj", "{8A61B8EE-8D96-4AF1-9A7B-0026AA0AF498}"
EndProject
Project("{2150E333-8FDC-42A3-9474-1A3956D46DE8}") = "Solution Items", "Solution Items", "{789A8FB0-1777-45F2-8DBC-B1A270FBADE5}"
	ProjectSection(SolutionItems) = preProject
		.editorconfig = .editorconfig
	EndProjectSection
EndProject
Project("{FAE04EC0-301F-11D3-BF4B-00C04F79EFBC}") = "BasicSample", "samples\BasicSample\BasicSample.csproj", "{971248F4-F547-4B17-B6FE-0C84A3577D30}"
EndProject
Project("{FAE04EC0-301F-11D3-BF4B-00C04F79EFBC}") = "HelloTexture", "samples\HelloTexture\HelloTexture.csproj", "{F3C57F0F-8540-4E97-B28D-A34091C53755}"
EndProject
Global
	GlobalSection(SolutionConfigurationPlatforms) = preSolution
		Debug|Any CPU = Debug|Any CPU
		Release|Any CPU = Release|Any CPU
	EndGlobalSection
	GlobalSection(ProjectConfigurationPlatforms) = postSolution
		{82FD3E3F-ECB1-4EA2-B538-E1561AE737EF}.Debug|Any CPU.ActiveCfg = Debug|Any CPU
		{82FD3E3F-ECB1-4EA2-B538-E1561AE737EF}.Debug|Any CPU.Build.0 = Debug|Any CPU
		{82FD3E3F-ECB1-4EA2-B538-E1561AE737EF}.Release|Any CPU.ActiveCfg = Release|Any CPU
		{82FD3E3F-ECB1-4EA2-B538-E1561AE737EF}.Release|Any CPU.Build.0 = Release|Any CPU
		{8A61B8EE-8D96-4AF1-9A7B-0026AA0AF498}.Debug|Any CPU.ActiveCfg = Debug|Any CPU
		{8A61B8EE-8D96-4AF1-9A7B-0026AA0AF498}.Debug|Any CPU.Build.0 = Debug|Any CPU
		{8A61B8EE-8D96-4AF1-9A7B-0026AA0AF498}.Release|Any CPU.ActiveCfg = Release|Any CPU
		{8A61B8EE-8D96-4AF1-9A7B-0026AA0AF498}.Release|Any CPU.Build.0 = Release|Any CPU
		{971248F4-F547-4B17-B6FE-0C84A3577D30}.Debug|Any CPU.ActiveCfg = Debug|Any CPU
		{971248F4-F547-4B17-B6FE-0C84A3577D30}.Debug|Any CPU.Build.0 = Debug|Any CPU
		{971248F4-F547-4B17-B6FE-0C84A3577D30}.Release|Any CPU.ActiveCfg = Release|Any CPU
		{971248F4-F547-4B17-B6FE-0C84A3577D30}.Release|Any CPU.Build.0 = Release|Any CPU
		{F3C57F0F-8540-4E97-B28D-A34091C53755}.Debug|Any CPU.ActiveCfg = Debug|Any CPU
		{F3C57F0F-8540-4E97-B28D-A34091C53755}.Debug|Any CPU.Build.0 = Debug|Any CPU
		{F3C57F0F-8540-4E97-B28D-A34091C53755}.Release|Any CPU.ActiveCfg = Release|Any CPU
		{F3C57F0F-8540-4E97-B28D-A34091C53755}.Release|Any CPU.Build.0 = Release|Any CPU
	EndGlobalSection
	GlobalSection(SolutionProperties) = preSolution
		HideSolutionNode = FALSE
	EndGlobalSection
	GlobalSection(NestedProjects) = preSolution
		{82FD3E3F-ECB1-4EA2-B538-E1561AE737EF} = {29411031-4490-4542-B2D1-02D223BFD605}
		{8A61B8EE-8D96-4AF1-9A7B-0026AA0AF498} = {4A52D278-0251-4FD5-BF3A-5C52C294480A}
		{971248F4-F547-4B17-B6FE-0C84A3577D30} = {AEE84FD5-7441-42CF-AA6C-5805B759E1F8}
		{F3C57F0F-8540-4E97-B28D-A34091C53755} = {AEE84FD5-7441-42CF-AA6C-5805B759E1F8}
	EndGlobalSection
	GlobalSection(ExtensibilityGlobals) = postSolution
		SolutionGuid = {7C4990EC-248E-49D5-A254-EA8AD214C338}
	EndGlobalSection
EndGlobal
